
Microsoft Visual Studio Solution File, Format Version 12.00
# Visual Studio Version 17
VisualStudioVersion = 17.3.32929.385
MinimumVisualStudioVersion = 10.0.40219.1
Project("{9A19103F-16F7-4668-BE54-9A1E7A4F7556}") = "MasterResolver9000", "MasterResolver9000.csproj", "{0A1D40F8-AF27-4F2E-81D7-2DA1169D0136}"
EndProject
Project("{FAE04EC0-301F-11D3-BF4B-00C04F79EFBC}") = "MasterResolveTest", "..\MasterResolveTest\MasterResolveTest.csproj", "{7BFAD0C3-479B-41C7-A200-A354AED1E7A6}"
EndProject
Global
	GlobalSection(SolutionConfigurationPlatforms) = preSolution
		Debug|Any CPU = Debug|Any CPU
		Release|Any CPU = Release|Any CPU
	EndGlobalSection
	GlobalSection(ProjectConfigurationPlatforms) = postSolution
		{0A1D40F8-AF27-4F2E-81D7-2DA1169D0136}.Debug|Any CPU.ActiveCfg = Debug|Any CPU
		{0A1D40F8-AF27-4F2E-81D7-2DA1169D0136}.Debug|Any CPU.Build.0 = Debug|Any CPU
		{0A1D40F8-AF27-4F2E-81D7-2DA1169D0136}.Release|Any CPU.ActiveCfg = Release|Any CPU
		{0A1D40F8-AF27-4F2E-81D7-2DA1169D0136}.Release|Any CPU.Build.0 = Release|Any CPU
		{7BFAD0C3-479B-41C7-A200-A354AED1E7A6}.Debug|Any CPU.ActiveCfg = Debug|Any CPU
		{7BFAD0C3-479B-41C7-A200-A354AED1E7A6}.Debug|Any CPU.Build.0 = Debug|Any CPU
		{7BFAD0C3-479B-41C7-A200-A354AED1E7A6}.Release|Any CPU.ActiveCfg = Release|Any CPU
		{7BFAD0C3-479B-41C7-A200-A354AED1E7A6}.Release|Any CPU.Build.0 = Release|Any CPU
	EndGlobalSection
	GlobalSection(SolutionProperties) = preSolution
		HideSolutionNode = FALSE
	EndGlobalSection
	GlobalSection(ExtensibilityGlobals) = postSolution
		SolutionGuid = {31F6B70F-4709-4DA7-A0A9-FEE303A7D8AE}
	EndGlobalSection
EndGlobal
